Microsoft Visual Studio Solution File, Format Version 10.00
# Visual Studio 2008
Project("{2150E333-8FDC-42A3-9474-1A3956D46DE8}") = "Solution Items", "Solution Items", "{446681A4-0226-4C98-BA81-21C5C97AD1B9}"
	ProjectSection(SolutionItems) = preProject
		SharedAssemblyInfo.cs = SharedAssemblyInfo.cs
		VersionAssemblyInfo.cs = VersionAssemblyInfo.cs
	EndProjectSection
EndProject
Project("{FAE04EC0-301F-11D3-BF4B-00C04F79EFBC}") = "Cropper.Extensibility", "Cropper.Extensibility\Cropper.Extensibility.csproj", "{3956A306-228F-419A-AE19-717BE1CAF9F7}"
EndProject
Project("{FAE04EC0-301F-11D3-BF4B-00C04F79EFBC}") = "Cropper.Core", "Cropper.Core\Cropper.Core.csproj", "{930E83DA-4C59-4A7F-A082-5FDCC99524D4}"
EndProject
Project("{FAE04EC0-301F-11D3-BF4B-00C04F79EFBC}") = "Cropper.PngFormat", "Cropper.PngFormat\Cropper.PngFormat.csproj", "{CC3BE0DA-871E-46D3-9301-94CFCA5DB04F}"
	ProjectSection(ProjectDependencies) = postProject
		{4FAACCE1-AA19-4C1C-85F5-AC1BF33BDAF0} = {4FAACCE1-AA19-4C1C-85F5-AC1BF33BDAF0}
	EndProjectSection
EndProject
Project("{FAE04EC0-301F-11D3-BF4B-00C04F79EFBC}") = "Cropper.ClipboardFormat", "Cropper.ClipboardFormat\Cropper.ClipboardFormat.csproj", "{1DEC5341-1E24-4297-B4CF-7660079E3FB8}"
	ProjectSection(ProjectDependencies) = postProject
		{4FAACCE1-AA19-4C1C-85F5-AC1BF33BDAF0} = {4FAACCE1-AA19-4C1C-85F5-AC1BF33BDAF0}
	EndProjectSection
EndProject
Project("{FAE04EC0-301F-11D3-BF4B-00C04F79EFBC}") = "Cropper.PrinterOutput", "Cropper.PrinterOutput\Cropper.PrinterOutput.csproj", "{1114B0CB-C03B-4EF4-A57B-C62D06E4142C}"
	ProjectSection(ProjectDependencies) = postProject
		{4FAACCE1-AA19-4C1C-85F5-AC1BF33BDAF0} = {4FAACCE1-AA19-4C1C-85F5-AC1BF33BDAF0}
	EndProjectSection
EndProject
Project("{FAE04EC0-301F-11D3-BF4B-00C04F79EFBC}") = "Cropper.BmpFormat", "Cropper.BmpFormat\Cropper.BmpFormat.csproj", "{59B6DA9E-22DB-4A43-B8FF-A847CD4EBA42}"
	ProjectSection(ProjectDependencies) = postProject
		{4FAACCE1-AA19-4C1C-85F5-AC1BF33BDAF0} = {4FAACCE1-AA19-4C1C-85F5-AC1BF33BDAF0}
	EndProjectSection
EndProject
Project("{FAE04EC0-301F-11D3-BF4B-00C04F79EFBC}") = "Cropper.JpgFormat", "Cropper.JpgFormat\Cropper.JpgFormat.csproj", "{88AA2BDF-12FB-4105-B95F-7985F4BDFD4F}"
	ProjectSection(ProjectDependencies) = postProject
		{4FAACCE1-AA19-4C1C-85F5-AC1BF33BDAF0} = {4FAACCE1-AA19-4C1C-85F5-AC1BF33BDAF0}
	EndProjectSection
EndProject
Project("{FAE04EC0-301F-11D3-BF4B-00C04F79EFBC}") = "Cropper.UI", "Cropper.UI\Cropper.UI.csproj", "{4FAACCE1-AA19-4C1C-85F5-AC1BF33BDAF0}"
EndProject
Project("{54435603-DBB4-11D2-8724-00A0C9A8B90C}") = "CropperSetup", "CropperSetup\CropperSetup.vdproj", "{69B7AAB3-DAFE-4D7B-B35B-37B3AA157949}"
EndProject
Project("{FAE04EC0-301F-11D3-BF4B-00C04F79EFBC}") = "Cropper.Tests", "Cropper.Tests\Cropper.Tests.csproj", "{6DA40DB7-C091-4FC8-8DC4-E504505155AA}"
EndProject
Global
	GlobalSection(SolutionConfigurationPlatforms) = preSolution
		Debug|Any CPU = Debug|Any CPU
		Debug|x86 = Debug|x86
		Release|Any CPU = Release|Any CPU
		Release|x86 = Release|x86
	EndGlobalSection
	GlobalSection(ProjectConfigurationPlatforms) = postSolution
		{3956A306-228F-419A-AE19-717BE1CAF9F7}.Debug|Any CPU.ActiveCfg = Debug|Any CPU
		{3956A306-228F-419A-AE19-717BE1CAF9F7}.Debug|Any CPU.Build.0 = Debug|Any CPU
		{3956A306-228F-419A-AE19-717BE1CAF9F7}.Debug|x86.ActiveCfg = Debug|x86
		{3956A306-228F-419A-AE19-717BE1CAF9F7}.Debug|x86.Build.0 = Debug|x86
		{3956A306-228F-419A-AE19-717BE1CAF9F7}.Release|Any CPU.ActiveCfg = Release|Any CPU
		{3956A306-228F-419A-AE19-717BE1CAF9F7}.Release|Any CPU.Build.0 = Release|Any CPU
		{3956A306-228F-419A-AE19-717BE1CAF9F7}.Release|x86.ActiveCfg = Release|x86
		{3956A306-228F-419A-AE19-717BE1CAF9F7}.Release|x86.Build.0 = Release|x86
		{930E83DA-4C59-4A7F-A082-5FDCC99524D4}.Debug|Any CPU.ActiveCfg = Debug|Any CPU
		{930E83DA-4C59-4A7F-A082-5FDCC99524D4}.Debug|Any CPU.Build.0 = Debug|Any CPU
		{930E83DA-4C59-4A7F-A082-5FDCC99524D4}.Debug|x86.ActiveCfg = Debug|x86
		{930E83DA-4C59-4A7F-A082-5FDCC99524D4}.Debug|x86.Build.0 = Debug|x86
		{930E83DA-4C59-4A7F-A082-5FDCC99524D4}.Release|Any CPU.ActiveCfg = Release|Any CPU
		{930E83DA-4C59-4A7F-A082-5FDCC99524D4}.Release|Any CPU.Build.0 = Release|Any CPU
		{930E83DA-4C59-4A7F-A082-5FDCC99524D4}.Release|x86.ActiveCfg = Release|x86
		{930E83DA-4C59-4A7F-A082-5FDCC99524D4}.Release|x86.Build.0 = Release|x86
		{CC3BE0DA-871E-46D3-9301-94CFCA5DB04F}.Debug|Any CPU.ActiveCfg = Debug|Any CPU
		{CC3BE0DA-871E-46D3-9301-94CFCA5DB04F}.Debug|Any CPU.Build.0 = Debug|Any CPU
		{CC3BE0DA-871E-46D3-9301-94CFCA5DB04F}.Debug|x86.ActiveCfg = Debug|x86
		{CC3BE0DA-871E-46D3-9301-94CFCA5DB04F}.Debug|x86.Build.0 = Debug|x86
		{CC3BE0DA-871E-46D3-9301-94CFCA5DB04F}.Release|Any CPU.ActiveCfg = Release|Any CPU
		{CC3BE0DA-871E-46D3-9301-94CFCA5DB04F}.Release|Any CPU.Build.0 = Release|Any CPU
		{CC3BE0DA-871E-46D3-9301-94CFCA5DB04F}.Release|x86.ActiveCfg = Release|x86
		{CC3BE0DA-871E-46D3-9301-94CFCA5DB04F}.Release|x86.Build.0 = Release|x86
		{1DEC5341-1E24-4297-B4CF-7660079E3FB8}.Debug|Any CPU.ActiveCfg = Debug|Any CPU
		{1DEC5341-1E24-4297-B4CF-7660079E3FB8}.Debug|Any CPU.Build.0 = Debug|Any CPU
		{1DEC5341-1E24-4297-B4CF-7660079E3FB8}.Debug|x86.ActiveCfg = Debug|x86
		{1DEC5341-1E24-4297-B4CF-7660079E3FB8}.Debug|x86.Build.0 = Debug|x86
		{1DEC5341-1E24-4297-B4CF-7660079E3FB8}.Release|Any CPU.ActiveCfg = Release|Any CPU
		{1DEC5341-1E24-4297-B4CF-7660079E3FB8}.Release|Any CPU.Build.0 = Release|Any CPU
		{1DEC5341-1E24-4297-B4CF-7660079E3FB8}.Release|x86.ActiveCfg = Release|x86
		{1DEC5341-1E24-4297-B4CF-7660079E3FB8}.Release|x86.Build.0 = Release|x86
		{1114B0CB-C03B-4EF4-A57B-C62D06E4142C}.Debug|Any CPU.ActiveCfg = Debug|Any CPU
		{1114B0CB-C03B-4EF4-A57B-C62D06E4142C}.Debug|Any CPU.Build.0 = Debug|Any CPU
		{1114B0CB-C03B-4EF4-A57B-C62D06E4142C}.Debug|x86.ActiveCfg = Debug|x86
		{1114B0CB-C03B-4EF4-A57B-C62D06E4142C}.Debug|x86.Build.0 = Debug|x86
		{1114B0CB-C03B-4EF4-A57B-C62D06E4142C}.Release|Any CPU.ActiveCfg = Release|Any CPU
		{1114B0CB-C03B-4EF4-A57B-C62D06E4142C}.Release|Any CPU.Build.0 = Release|Any CPU
		{1114B0CB-C03B-4EF4-A57B-C62D06E4142C}.Release|x86.ActiveCfg = Release|x86
		{1114B0CB-C03B-4EF4-A57B-C62D06E4142C}.Release|x86.Build.0 = Release|x86
		{59B6DA9E-22DB-4A43-B8FF-A847CD4EBA42}.Debug|Any CPU.ActiveCfg = Debug|Any CPU
		{59B6DA9E-22DB-4A43-B8FF-A847CD4EBA42}.Debug|Any CPU.Build.0 = Debug|Any CPU
		{59B6DA9E-22DB-4A43-B8FF-A847CD4EBA42}.Debug|x86.ActiveCfg = Debug|x86
		{59B6DA9E-22DB-4A43-B8FF-A847CD4EBA42}.Debug|x86.Build.0 = Debug|x86
		{59B6DA9E-22DB-4A43-B8FF-A847CD4EBA42}.Release|Any CPU.ActiveCfg = Release|Any CPU
		{59B6DA9E-22DB-4A43-B8FF-A847CD4EBA42}.Release|Any CPU.Build.0 = Release|Any CPU
		{59B6DA9E-22DB-4A43-B8FF-A847CD4EBA42}.Release|x86.ActiveCfg = Release|x86
		{59B6DA9E-22DB-4A43-B8FF-A847CD4EBA42}.Release|x86.Build.0 = Release|x86
		{88AA2BDF-12FB-4105-B95F-7985F4BDFD4F}.Debug|Any CPU.ActiveCfg = Debug|Any CPU
		{88AA2BDF-12FB-4105-B95F-7985F4BDFD4F}.Debug|Any CPU.Build.0 = Debug|Any CPU
		{88AA2BDF-12FB-4105-B95F-7985F4BDFD4F}.Debug|x86.ActiveCfg = Debug|x86
		{88AA2BDF-12FB-4105-B95F-7985F4BDFD4F}.Debug|x86.Build.0 = Debug|x86
		{88AA2BDF-12FB-4105-B95F-7985F4BDFD4F}.Release|Any CPU.ActiveCfg = Release|Any CPU
		{88AA2BDF-12FB-4105-B95F-7985F4BDFD4F}.Release|Any CPU.Build.0 = Release|Any CPU
		{88AA2BDF-12FB-4105-B95F-7985F4BDFD4F}.Release|x86.ActiveCfg = Release|x86
		{88AA2BDF-12FB-4105-B95F-7985F4BDFD4F}.Release|x86.Build.0 = Release|x86
		{4FAACCE1-AA19-4C1C-85F5-AC1BF33BDAF0}.Debug|Any CPU.ActiveCfg = Debug|Any CPU
		{4FAACCE1-AA19-4C1C-85F5-AC1BF33BDAF0}.Debug|Any CPU.Build.0 = Debug|Any CPU
		{4FAACCE1-AA19-4C1C-85F5-AC1BF33BDAF0}.Debug|x86.ActiveCfg = Debug|x86
		{4FAACCE1-AA19-4C1C-85F5-AC1BF33BDAF0}.Debug|x86.Build.0 = Debug|x86
		{4FAACCE1-AA19-4C1C-85F5-AC1BF33BDAF0}.Release|Any CPU.ActiveCfg = Release|Any CPU
		{4FAACCE1-AA19-4C1C-85F5-AC1BF33BDAF0}.Release|Any CPU.Build.0 = Release|Any CPU
		{4FAACCE1-AA19-4C1C-85F5-AC1BF33BDAF0}.Release|x86.ActiveCfg = Release|x86
		{4FAACCE1-AA19-4C1C-85F5-AC1BF33BDAF0}.Release|x86.Build.0 = Release|x86
		{69B7AAB3-DAFE-4D7B-B35B-37B3AA157949}.Debug|Any CPU.ActiveCfg = Debug
		{69B7AAB3-DAFE-4D7B-B35B-37B3AA157949}.Debug|x86.ActiveCfg = Debug
		{69B7AAB3-DAFE-4D7B-B35B-37B3AA157949}.Release|Any CPU.ActiveCfg = Release
		{69B7AAB3-DAFE-4D7B-B35B-37B3AA157949}.Release|Any CPU.Build.0 = Release
		{69B7AAB3-DAFE-4D7B-B35B-37B3AA157949}.Release|x86.ActiveCfg = Release
		{69B7AAB3-DAFE-4D7B-B35B-37B3AA157949}.Release|x86.Build.0 = Release
		{6DA40DB7-C091-4FC8-8DC4-E504505155AA}.Debug|Any CPU.ActiveCfg = Debug|Any CPU
		{6DA40DB7-C091-4FC8-8DC4-E504505155AA}.Debug|Any CPU.Build.0 = Debug|Any CPU
		{6DA40DB7-C091-4FC8-8DC4-E504505155AA}.Debug|x86.ActiveCfg = Debug|x86
		{6DA40DB7-C091-4FC8-8DC4-E504505155AA}.Debug|x86.Build.0 = Debug|x86
		{6DA40DB7-C091-4FC8-8DC4-E504505155AA}.Release|Any CPU.ActiveCfg = Release|Any CPU
		{6DA40DB7-C091-4FC8-8DC4-E504505155AA}.Release|Any CPU.Build.0 = Release|Any CPU
		{6DA40DB7-C091-4FC8-8DC4-E504505155AA}.Release|x86.ActiveCfg = Release|x86
		{6DA40DB7-C091-4FC8-8DC4-E504505155AA}.Release|x86.Build.0 = Release|x86
	EndGlobalSection
	GlobalSection(SolutionProperties) = preSolution
		HideSolutionNode = FALSE
	EndGlobalSection
	GlobalSection(TeamFoundationVersionControl) = preSolution
		SccNumberOfProjects = 10
		SccEnterpriseProvider = {4CA58AB2-18FA-4F8D-95D4-32DDF27D184C}
		SccTeamFoundationServer = https://tfs02.codeplex.com/
		SccLocalPath0 = .
		SccProjectUniqueName1 = Cropper.Extensibility\\Cropper.Extensibility.csproj
		SccProjectName1 = Cropper.Extensibility
		SccLocalPath1 = Cropper.Extensibility
		SccProjectUniqueName2 = Cropper.Core\\Cropper.Core.csproj
		SccProjectName2 = Cropper.Core
		SccLocalPath2 = Cropper.Core
		SccProjectUniqueName3 = Cropper.PngFormat\\Cropper.PngFormat.csproj
		SccProjectName3 = Cropper.PngFormat
		SccLocalPath3 = Cropper.PngFormat
		SccProjectUniqueName4 = Cropper.ClipboardFormat\\Cropper.ClipboardFormat.csproj
		SccProjectName4 = Cropper.ClipboardFormat
		SccLocalPath4 = Cropper.ClipboardFormat
		SccProjectUniqueName5 = Cropper.PrinterOutput\\Cropper.PrinterOutput.csproj
		SccProjectName5 = Cropper.PrinterOutput
		SccLocalPath5 = Cropper.PrinterOutput
		SccProjectUniqueName6 = Cropper.BmpFormat\\Cropper.BmpFormat.csproj
		SccProjectName6 = Cropper.BmpFormat
		SccLocalPath6 = Cropper.BmpFormat
		SccProjectUniqueName7 = Cropper.JpgFormat\\Cropper.JpgFormat.csproj
		SccProjectName7 = Cropper.JpgFormat
		SccLocalPath7 = Cropper.JpgFormat
		SccProjectUniqueName8 = Cropper.UI\\Cropper.UI.csproj
		SccProjectName8 = Cropper.UI
		SccLocalPath8 = Cropper.UI
		SccProjectUniqueName9 = CropperSetup\\CropperSetup.vdproj
		SccProjectName9 = CropperSetup
		SccLocalPath9 = CropperSetup
	EndGlobalSection
EndGlobal
